
Microsoft Visual Studio Solution File, Format Version 12.00
# Visual Studio Version 17
VisualStudioVersion = 17.6.33815.320
MinimumVisualStudioVersion = 10.0.40219.1
Project("{FAE04EC0-301F-11D3-BF4B-00C04F79EFBC}") = "ClasesConstructoresPropiedadesSobrecargas", "EjerciciosLogica\ClasesConstructoresPropiedadesSobrecargas.csproj", "{EBADD0B4-D3C0-40B5-96B1-5670330082AE}"
EndProject
Project("{FAE04EC0-301F-11D3-BF4B-00C04F79EFBC}") = "Biblioteca", "Biblioteca\Biblioteca.csproj", "{3699ECB6-64D7-4A54-96F5-E367D92E95BC}"
EndProject
Project("{FAE04EC0-301F-11D3-BF4B-00C04F79EFBC}") = "ClaseAbstractaInterfaz", "ClaseAbstractaInterfaz\ClaseAbstractaInterfaz.csproj", "{6A96D0D3-D3EA-43E6-8E0A-CEEDF218E323}"
EndProject
Project("{FAE04EC0-301F-11D3-BF4B-00C04F79EFBC}") = "Polimorfismo", "Polimorfismo\Polimorfismo.csproj", "{3D400144-2BAF-4B48-84F8-7E2D2EED0644}"
EndProject
Global
	GlobalSection(SolutionConfigurationPlatforms) = preSolution
		Debug|Any CPU = Debug|Any CPU
		Release|Any CPU = Release|Any CPU
	EndGlobalSection
	GlobalSection(ProjectConfigurationPlatforms) = postSolution
		{EBADD0B4-D3C0-40B5-96B1-5670330082AE}.Debug|Any CPU.ActiveCfg = Debug|Any CPU
		{EBADD0B4-D3C0-40B5-96B1-5670330082AE}.Debug|Any CPU.Build.0 = Debug|Any CPU
		{EBADD0B4-D3C0-40B5-96B1-5670330082AE}.Release|Any CPU.ActiveCfg = Release|Any CPU
		{EBADD0B4-D3C0-40B5-96B1-5670330082AE}.Release|Any CPU.Build.0 = Release|Any CPU
		{3699ECB6-64D7-4A54-96F5-E367D92E95BC}.Debug|Any CPU.ActiveCfg = Debug|Any CPU
		{3699ECB6-64D7-4A54-96F5-E367D92E95BC}.Debug|Any CPU.Build.0 = Debug|Any CPU
		{3699ECB6-64D7-4A54-96F5-E367D92E95BC}.Release|Any CPU.ActiveCfg = Release|Any CPU
		{3699ECB6-64D7-4A54-96F5-E367D92E95BC}.Release|Any CPU.Build.0 = Release|Any CPU
		{6A96D0D3-D3EA-43E6-8E0A-CEEDF218E323}.Debug|Any CPU.ActiveCfg = Debug|Any CPU
		{6A96D0D3-D3EA-43E6-8E0A-CEEDF218E323}.Debug|Any CPU.Build.0 = Debug|Any CPU
		{6A96D0D3-D3EA-43E6-8E0A-CEEDF218E323}.Release|Any CPU.ActiveCfg = Release|Any CPU
		{6A96D0D3-D3EA-43E6-8E0A-CEEDF218E323}.Release|Any CPU.Build.0 = Release|Any CPU
		{3D400144-2BAF-4B48-84F8-7E2D2EED0644}.Debug|Any CPU.ActiveCfg = Debug|Any CPU
		{3D400144-2BAF-4B48-84F8-7E2D2EED0644}.Debug|Any CPU.Build.0 = Debug|Any CPU
		{3D400144-2BAF-4B48-84F8-7E2D2EED0644}.Release|Any CPU.ActiveCfg = Release|Any CPU
		{3D400144-2BAF-4B48-84F8-7E2D2EED0644}.Release|Any CPU.Build.0 = Release|Any CPU
	EndGlobalSection
	GlobalSection(SolutionProperties) = preSolution
		HideSolutionNode = FALSE
	EndGlobalSection
	GlobalSection(ExtensibilityGlobals) = postSolution
		SolutionGuid = {06CBA9DB-2DE1-404F-BC82-0EA601D323DD}
	EndGlobalSection
EndGlobal
